
Microsoft Visual Studio Solution File, Format Version 12.00
# Visual Studio Version 17
VisualStudioVersion = 17.14.36221.1 d17.14
MinimumVisualStudioVersion = 10.0.40219.1
Project("{FAE04EC0-301F-11D3-BF4B-00C04F79EFBC}") = "ParkingLotConsoleApp", "ParkingLotConsoleApp\ParkingLotConsoleApp.csproj", "{E2EB79FD-6AC5-42E6-AF09-144F6749C1BE}"
EndProject
Global
	GlobalSection(SolutionConfigurationPlatforms) = preSolution
		Debug|Any CPU = Debug|Any CPU
		Release|Any CPU = Release|Any CPU
	EndGlobalSection
	GlobalSection(ProjectConfigurationPlatforms) = postSolution
		{E2EB79FD-6AC5-42E6-AF09-144F6749C1BE}.Debug|Any CPU.ActiveCfg = Debug|Any CPU
		{E2EB79FD-6AC5-42E6-AF09-144F6749C1BE}.Debug|Any CPU.Build.0 = Debug|Any CPU
		{E2EB79FD-6AC5-42E6-AF09-144F6749C1BE}.Release|Any CPU.ActiveCfg = Release|Any CPU
		{E2EB79FD-6AC5-42E6-AF09-144F6749C1BE}.Release|Any CPU.Build.0 = Release|Any CPU
	EndGlobalSection
	GlobalSection(SolutionProperties) = preSolution
		HideSolutionNode = FALSE
	EndGlobalSection
	GlobalSection(ExtensibilityGlobals) = postSolution
		SolutionGuid = {BFE45C6B-FD86-4EBE-86F3-0052EA917A03}
	EndGlobalSection
EndGlobal
